
Microsoft Visual Studio Solution File, Format Version 12.00
# Visual Studio 14
VisualStudioVersion = 14.0.23107.0
MinimumVisualStudioVersion = 10.0.40219.1
Project("{FAE04EC0-301F-11D3-BF4B-00C04F79EFBC}") = "QuanLyThuVien", "QuanLyThuVien\QuanLyThuVien.csproj", "{0ADAD491-1BD7-4117-AEC6-DC278AADCBC2}"
EndProject
Project("{FAE04EC0-301F-11D3-BF4B-00C04F79EFBC}") = "QLBanHang", "QLBanHang\QLBanHang\QLBanHang.csproj", "{29C49AE8-E1B8-43E8-89A0-D630DA936C6E}"
EndProject
Project("{FAE04EC0-301F-11D3-BF4B-00C04F79EFBC}") = "QuanLyNhanSu", "QuanLyNhanSu\QuanLyNhanSu\QuanLyNhanSu.csproj", "{501ABE75-FC19-4704-8EEF-37BCA81C99B7}"
EndProject
Project("{FAE04EC0-301F-11D3-BF4B-00C04F79EFBC}") = "QuanLyKho", "ql kho hang\QuanLyKho\QuanLyKho\QuanLyKho.csproj", "{02A77A43-510D-4D81-A2E4-2E6879D19ADF}"
EndProject
Project("{FAE04EC0-301F-11D3-BF4B-00C04F79EFBC}") = "QUANLY_HS_GV", "Quản lý học sinh viên\QUANLY_HS_GV\QUANLY_HS_GV\QUANLY_HS_GV.csproj", "{5C741BA6-BDE0-4F2B-AACF-BBB3A227B291}"
EndProject
Global
	GlobalSection(SolutionConfigurationPlatforms) = preSolution
		Debug|Any CPU = Debug|Any CPU
		Release|Any CPU = Release|Any CPU
	EndGlobalSection
	GlobalSection(ProjectConfigurationPlatforms) = postSolution
		{0ADAD491-1BD7-4117-AEC6-DC278AADCBC2}.Debug|Any CPU.ActiveCfg = Debug|Any CPU
		{0ADAD491-1BD7-4117-AEC6-DC278AADCBC2}.Debug|Any CPU.Build.0 = Debug|Any CPU
		{0ADAD491-1BD7-4117-AEC6-DC278AADCBC2}.Release|Any CPU.ActiveCfg = Release|Any CPU
		{0ADAD491-1BD7-4117-AEC6-DC278AADCBC2}.Release|Any CPU.Build.0 = Release|Any CPU
		{29C49AE8-E1B8-43E8-89A0-D630DA936C6E}.Debug|Any CPU.ActiveCfg = Debug|Any CPU
		{29C49AE8-E1B8-43E8-89A0-D630DA936C6E}.Debug|Any CPU.Build.0 = Debug|Any CPU
		{29C49AE8-E1B8-43E8-89A0-D630DA936C6E}.Release|Any CPU.ActiveCfg = Release|Any CPU
		{29C49AE8-E1B8-43E8-89A0-D630DA936C6E}.Release|Any CPU.Build.0 = Release|Any CPU
		{501ABE75-FC19-4704-8EEF-37BCA81C99B7}.Debug|Any CPU.ActiveCfg = Debug|Any CPU
		{501ABE75-FC19-4704-8EEF-37BCA81C99B7}.Debug|Any CPU.Build.0 = Debug|Any CPU
		{501ABE75-FC19-4704-8EEF-37BCA81C99B7}.Release|Any CPU.ActiveCfg = Release|Any CPU
		{501ABE75-FC19-4704-8EEF-37BCA81C99B7}.Release|Any CPU.Build.0 = Release|Any CPU
		{02A77A43-510D-4D81-A2E4-2E6879D19ADF}.Debug|Any CPU.ActiveCfg = Debug|Any CPU
		{02A77A43-510D-4D81-A2E4-2E6879D19ADF}.Debug|Any CPU.Build.0 = Debug|Any CPU
		{02A77A43-510D-4D81-A2E4-2E6879D19ADF}.Release|Any CPU.ActiveCfg = Release|Any CPU
		{02A77A43-510D-4D81-A2E4-2E6879D19ADF}.Release|Any CPU.Build.0 = Release|Any CPU
		{5C741BA6-BDE0-4F2B-AACF-BBB3A227B291}.Debug|Any CPU.ActiveCfg = Debug|Any CPU
		{5C741BA6-BDE0-4F2B-AACF-BBB3A227B291}.Debug|Any CPU.Build.0 = Debug|Any CPU
		{5C741BA6-BDE0-4F2B-AACF-BBB3A227B291}.Release|Any CPU.ActiveCfg = Release|Any CPU
		{5C741BA6-BDE0-4F2B-AACF-BBB3A227B291}.Release|Any CPU.Build.0 = Release|Any CPU
	EndGlobalSection
	GlobalSection(SolutionProperties) = preSolution
		HideSolutionNode = FALSE
	EndGlobalSection
EndGlobal
